
Microsoft Visual Studio Solution File, Format Version 12.00
# Visual Studio Version 17
VisualStudioVersion = 17.2.32519.379
MinimumVisualStudioVersion = 10.0.40219.1
Project("{FAE04EC0-301F-11D3-BF4B-00C04F79EFBC}") = "TodoListApi", "TodoListApi\TodoListApi.csproj", "{685D5984-4B9F-4B23-B2EE-02FF05C49DBF}"
EndProject
Global
	GlobalSection(SolutionConfigurationPlatforms) = preSolution
		Debug|Any CPU = Debug|Any CPU
		Release|Any CPU = Release|Any CPU
	EndGlobalSection
	GlobalSection(ProjectConfigurationPlatforms) = postSolution
		{685D5984-4B9F-4B23-B2EE-02FF05C49DBF}.Debug|Any CPU.ActiveCfg = Debug|Any CPU
		{685D5984-4B9F-4B23-B2EE-02FF05C49DBF}.Debug|Any CPU.Build.0 = Debug|Any CPU
		{685D5984-4B9F-4B23-B2EE-02FF05C49DBF}.Release|Any CPU.ActiveCfg = Release|Any CPU
		{685D5984-4B9F-4B23-B2EE-02FF05C49DBF}.Release|Any CPU.Build.0 = Release|Any CPU
	EndGlobalSection
	GlobalSection(SolutionProperties) = preSolution
		HideSolutionNode = FALSE
	EndGlobalSection
	GlobalSection(ExtensibilityGlobals) = postSolution
		SolutionGuid = {60F9A53C-4FF8-474D-A834-C0FD9C202C77}
	EndGlobalSection
EndGlobal
